
Microsoft Visual Studio Solution File, Format Version 12.00
# Visual Studio Version 17
VisualStudioVersion = 17.5.33530.505
MinimumVisualStudioVersion = 10.0.40219.1
Project("{9A19103F-16F7-4668-BE54-9A1E7A4F7556}") = "AgeScript", "AgeScript\AgeScript.csproj", "{3F3AE869-A769-4C1D-BC1C-F489A4789B93}"
EndProject
Project("{9A19103F-16F7-4668-BE54-9A1E7A4F7556}") = "Quaternary", "Quaternary\Quaternary.csproj", "{0389B98C-5DA9-42E7-8BF8-3D12A4543F09}"
EndProject
Project("{9A19103F-16F7-4668-BE54-9A1E7A4F7556}") = "AgeScript.Linker", "AgeScript.Linker\AgeScript.Linker.csproj", "{76BB7FC7-6129-4BBA-A5D2-16ACDE941668}"
EndProject
Project("{FAE04EC0-301F-11D3-BF4B-00C04F79EFBC}") = "AgeScript.Compiler", "AgeScript.Compiler\AgeScript.Compiler.csproj", "{DADA7B10-C304-475E-8FDA-72A61843EC42}"
EndProject
Global
	GlobalSection(SolutionConfigurationPlatforms) = preSolution
		Debug|Any CPU = Debug|Any CPU
		Release|Any CPU = Release|Any CPU
	EndGlobalSection
	GlobalSection(ProjectConfigurationPlatforms) = postSolution
		{3F3AE869-A769-4C1D-BC1C-F489A4789B93}.Debug|Any CPU.ActiveCfg = Debug|Any CPU
		{3F3AE869-A769-4C1D-BC1C-F489A4789B93}.Debug|Any CPU.Build.0 = Debug|Any CPU
		{3F3AE869-A769-4C1D-BC1C-F489A4789B93}.Release|Any CPU.ActiveCfg = Release|Any CPU
		{3F3AE869-A769-4C1D-BC1C-F489A4789B93}.Release|Any CPU.Build.0 = Release|Any CPU
		{0389B98C-5DA9-42E7-8BF8-3D12A4543F09}.Debug|Any CPU.ActiveCfg = Debug|Any CPU
		{0389B98C-5DA9-42E7-8BF8-3D12A4543F09}.Debug|Any CPU.Build.0 = Debug|Any CPU
		{0389B98C-5DA9-42E7-8BF8-3D12A4543F09}.Release|Any CPU.ActiveCfg = Release|Any CPU
		{0389B98C-5DA9-42E7-8BF8-3D12A4543F09}.Release|Any CPU.Build.0 = Release|Any CPU
		{76BB7FC7-6129-4BBA-A5D2-16ACDE941668}.Debug|Any CPU.ActiveCfg = Debug|Any CPU
		{76BB7FC7-6129-4BBA-A5D2-16ACDE941668}.Debug|Any CPU.Build.0 = Debug|Any CPU
		{76BB7FC7-6129-4BBA-A5D2-16ACDE941668}.Release|Any CPU.ActiveCfg = Release|Any CPU
		{76BB7FC7-6129-4BBA-A5D2-16ACDE941668}.Release|Any CPU.Build.0 = Release|Any CPU
		{DADA7B10-C304-475E-8FDA-72A61843EC42}.Debug|Any CPU.ActiveCfg = Debug|Any CPU
		{DADA7B10-C304-475E-8FDA-72A61843EC42}.Debug|Any CPU.Build.0 = Debug|Any CPU
		{DADA7B10-C304-475E-8FDA-72A61843EC42}.Release|Any CPU.ActiveCfg = Release|Any CPU
		{DADA7B10-C304-475E-8FDA-72A61843EC42}.Release|Any CPU.Build.0 = Release|Any CPU
	EndGlobalSection
	GlobalSection(SolutionProperties) = preSolution
		HideSolutionNode = FALSE
	EndGlobalSection
	GlobalSection(ExtensibilityGlobals) = postSolution
		SolutionGuid = {0A0F9AAC-D337-4D0D-AC05-67A4F0256B17}
	EndGlobalSection
EndGlobal
