
Microsoft Visual Studio Solution File, Format Version 12.00
# Visual Studio Version 17
VisualStudioVersion = 17.5.33530.505
MinimumVisualStudioVersion = 10.0.40219.1
Project("{9A19103F-16F7-4668-BE54-9A1E7A4F7556}") = "Quaternary", "Quaternary\Quaternary.csproj", "{0389B98C-5DA9-42E7-8BF8-3D12A4543F09}"
EndProject
Project("{9A19103F-16F7-4668-BE54-9A1E7A4F7556}") = "AgeScript.Linker", "AgeScript.Linker\AgeScript.Linker.csproj", "{76BB7FC7-6129-4BBA-A5D2-16ACDE941668}"
EndProject
Project("{9A19103F-16F7-4668-BE54-9A1E7A4F7556}") = "AgeScript.Compiler", "AgeScript.Compiler\AgeScript.Compiler.csproj", "{DADA7B10-C304-475E-8FDA-72A61843EC42}"
EndProject
Project("{9A19103F-16F7-4668-BE54-9A1E7A4F7556}") = "AgeScript.Language", "AgeScript.Language\AgeScript.Language.csproj", "{468920CB-85B5-4C04-8C70-E22DC33F1B90}"
EndProject
Project("{9A19103F-16F7-4668-BE54-9A1E7A4F7556}") = "AgeScript.Parser", "AgeScript.Parser\AgeScript.Parser.csproj", "{9DF8DFE7-1F38-4F13-92FE-549A8B971489}"
EndProject
Project("{9A19103F-16F7-4668-BE54-9A1E7A4F7556}") = "AgeScript.Optimizer", "AgeScript.Optimizer\AgeScript.Optimizer.csproj", "{3F452AD4-B3C3-4EBF-B10B-7A8F6B6FFD4F}"
EndProject
Project("{9A19103F-16F7-4668-BE54-9A1E7A4F7556}") = "AgeScript", "AgeScript\AgeScript.csproj", "{3D079BE9-5244-41CE-BCCC-B7E159D3652C}"
EndProject
Global
	GlobalSection(SolutionConfigurationPlatforms) = preSolution
		Debug|Any CPU = Debug|Any CPU
		Release|Any CPU = Release|Any CPU
	EndGlobalSection
	GlobalSection(ProjectConfigurationPlatforms) = postSolution
		{0389B98C-5DA9-42E7-8BF8-3D12A4543F09}.Debug|Any CPU.ActiveCfg = Debug|Any CPU
		{0389B98C-5DA9-42E7-8BF8-3D12A4543F09}.Debug|Any CPU.Build.0 = Debug|Any CPU
		{0389B98C-5DA9-42E7-8BF8-3D12A4543F09}.Release|Any CPU.ActiveCfg = Release|Any CPU
		{0389B98C-5DA9-42E7-8BF8-3D12A4543F09}.Release|Any CPU.Build.0 = Release|Any CPU
		{76BB7FC7-6129-4BBA-A5D2-16ACDE941668}.Debug|Any CPU.ActiveCfg = Debug|Any CPU
		{76BB7FC7-6129-4BBA-A5D2-16ACDE941668}.Debug|Any CPU.Build.0 = Debug|Any CPU
		{76BB7FC7-6129-4BBA-A5D2-16ACDE941668}.Release|Any CPU.ActiveCfg = Release|Any CPU
		{76BB7FC7-6129-4BBA-A5D2-16ACDE941668}.Release|Any CPU.Build.0 = Release|Any CPU
		{DADA7B10-C304-475E-8FDA-72A61843EC42}.Debug|Any CPU.ActiveCfg = Debug|Any CPU
		{DADA7B10-C304-475E-8FDA-72A61843EC42}.Debug|Any CPU.Build.0 = Debug|Any CPU
		{DADA7B10-C304-475E-8FDA-72A61843EC42}.Release|Any CPU.ActiveCfg = Release|Any CPU
		{DADA7B10-C304-475E-8FDA-72A61843EC42}.Release|Any CPU.Build.0 = Release|Any CPU
		{468920CB-85B5-4C04-8C70-E22DC33F1B90}.Debug|Any CPU.ActiveCfg = Debug|Any CPU
		{468920CB-85B5-4C04-8C70-E22DC33F1B90}.Debug|Any CPU.Build.0 = Debug|Any CPU
		{468920CB-85B5-4C04-8C70-E22DC33F1B90}.Release|Any CPU.ActiveCfg = Release|Any CPU
		{468920CB-85B5-4C04-8C70-E22DC33F1B90}.Release|Any CPU.Build.0 = Release|Any CPU
		{9DF8DFE7-1F38-4F13-92FE-549A8B971489}.Debug|Any CPU.ActiveCfg = Debug|Any CPU
		{9DF8DFE7-1F38-4F13-92FE-549A8B971489}.Debug|Any CPU.Build.0 = Debug|Any CPU
		{9DF8DFE7-1F38-4F13-92FE-549A8B971489}.Release|Any CPU.ActiveCfg = Release|Any CPU
		{9DF8DFE7-1F38-4F13-92FE-549A8B971489}.Release|Any CPU.Build.0 = Release|Any CPU
		{3F452AD4-B3C3-4EBF-B10B-7A8F6B6FFD4F}.Debug|Any CPU.ActiveCfg = Debug|Any CPU
		{3F452AD4-B3C3-4EBF-B10B-7A8F6B6FFD4F}.Debug|Any CPU.Build.0 = Debug|Any CPU
		{3F452AD4-B3C3-4EBF-B10B-7A8F6B6FFD4F}.Release|Any CPU.ActiveCfg = Release|Any CPU
		{3F452AD4-B3C3-4EBF-B10B-7A8F6B6FFD4F}.Release|Any CPU.Build.0 = Release|Any CPU
		{3D079BE9-5244-41CE-BCCC-B7E159D3652C}.Debug|Any CPU.ActiveCfg = Debug|Any CPU
		{3D079BE9-5244-41CE-BCCC-B7E159D3652C}.Debug|Any CPU.Build.0 = Debug|Any CPU
		{3D079BE9-5244-41CE-BCCC-B7E159D3652C}.Release|Any CPU.ActiveCfg = Release|Any CPU
		{3D079BE9-5244-41CE-BCCC-B7E159D3652C}.Release|Any CPU.Build.0 = Release|Any CPU
	EndGlobalSection
	GlobalSection(SolutionProperties) = preSolution
		HideSolutionNode = FALSE
	EndGlobalSection
	GlobalSection(ExtensibilityGlobals) = postSolution
		SolutionGuid = {0A0F9AAC-D337-4D0D-AC05-67A4F0256B17}
	EndGlobalSection
EndGlobal
