
Microsoft Visual Studio Solution File, Format Version 12.00
# Visual Studio Version 17
VisualStudioVersion = 17.5.33530.505
MinimumVisualStudioVersion = 10.0.40219.1
Project("{FAE04EC0-301F-11D3-BF4B-00C04F79EFBC}") = "Compiler", "Compiler\Compiler.csproj", "{81BB2380-4911-47DE-B74D-575BF356048E}"
EndProject
Global
	GlobalSection(SolutionConfigurationPlatforms) = preSolution
		Debug|Any CPU = Debug|Any CPU
		Release|Any CPU = Release|Any CPU
	EndGlobalSection
	GlobalSection(ProjectConfigurationPlatforms) = postSolution
		{81BB2380-4911-47DE-B74D-575BF356048E}.Debug|Any CPU.ActiveCfg = Debug|Any CPU
		{81BB2380-4911-47DE-B74D-575BF356048E}.Debug|Any CPU.Build.0 = Debug|Any CPU
		{81BB2380-4911-47DE-B74D-575BF356048E}.Release|Any CPU.ActiveCfg = Release|Any CPU
		{81BB2380-4911-47DE-B74D-575BF356048E}.Release|Any CPU.Build.0 = Release|Any CPU
	EndGlobalSection
	GlobalSection(SolutionProperties) = preSolution
		HideSolutionNode = FALSE
	EndGlobalSection
	GlobalSection(ExtensibilityGlobals) = postSolution
		SolutionGuid = {0A0F9AAC-D337-4D0D-AC05-67A4F0256B17}
	EndGlobalSection
EndGlobal
